{
  "name": "project3-2024a-flavio-jhuan-1",
  "lockfileVersion": 3,
  "requires": true,
  "packages": {
    "": {
      "dependencies": {
        "sh": "^0.0.3"
      }
    },
    "node_modules/sh": {
      "version": "0.0.3",
      "resolved": "https://registry.npmjs.org/sh/-/sh-0.0.3.tgz",
      "integrity": "sha512-y/YjMDTNbwOMIAbq93eE/fbIn+6TlaiYtE8/J+wLQOSHa2bHFdpaAQ0LuXzWjYUO96F++sNHub10ykCti3YMYg==",
      "engines": {
        "node": ">=0.10.25"
      }
    }
  }
}
